
Microsoft Visual Studio Solution File, Format Version 12.00
# Visual Studio Version 16
VisualStudioVersion = 16.0.31729.503
MinimumVisualStudioVersion = 10.0.40219.1
Project("{FAE04EC0-301F-11D3-BF4B-00C04F79EFBC}") = "Resume", "Resume\Resume.csproj", "{F492F9DF-B8FE-408E-B220-2845106B62B0}"
EndProject
Global
	GlobalSection(SolutionConfigurationPlatforms) = preSolution
		Debug|Any CPU = Debug|Any CPU
		Release|Any CPU = Release|Any CPU
	EndGlobalSection
	GlobalSection(ProjectConfigurationPlatforms) = postSolution
		{F492F9DF-B8FE-408E-B220-2845106B62B0}.Debug|Any CPU.ActiveCfg = Debug|Any CPU
		{F492F9DF-B8FE-408E-B220-2845106B62B0}.Debug|Any CPU.Build.0 = Debug|Any CPU
		{F492F9DF-B8FE-408E-B220-2845106B62B0}.Release|Any CPU.ActiveCfg = Release|Any CPU
		{F492F9DF-B8FE-408E-B220-2845106B62B0}.Release|Any CPU.Build.0 = Release|Any CPU
	EndGlobalSection
	GlobalSection(SolutionProperties) = preSolution
		HideSolutionNode = FALSE
	EndGlobalSection
	GlobalSection(ExtensibilityGlobals) = postSolution
		SolutionGuid = {B30BAF3F-B76C-47DD-AF81-CC07F507B179}
	EndGlobalSection
EndGlobal
